
Microsoft Visual Studio Solution File, Format Version 12.00
# Visual Studio Version 17
VisualStudioVersion = 17.14.36518.9
MinimumVisualStudioVersion = 10.0.40219.1
Project("{FAE04EC0-301F-11D3-BF4B-00C04F79EFBC}") = "Server", "Server\Server.csproj", "{40414AE7-C77A-48F2-AAE6-9898B0677601}"
EndProject
Project("{FAE04EC0-301F-11D3-BF4B-00C04F79EFBC}") = "Client", "Client\Client.csproj", "{1EF1D343-5CAF-4AC1-AA88-3FD1AD5017B0}"
EndProject
Global
	GlobalSection(SolutionConfigurationPlatforms) = preSolution
		Debug|Any CPU = Debug|Any CPU
		Release|Any CPU = Release|Any CPU
	EndGlobalSection
	GlobalSection(ProjectConfigurationPlatforms) = postSolution
		{40414AE7-C77A-48F2-AAE6-9898B0677601}.Debug|Any CPU.ActiveCfg = Debug|Any CPU
		{40414AE7-C77A-48F2-AAE6-9898B0677601}.Debug|Any CPU.Build.0 = Debug|Any CPU
		{40414AE7-C77A-48F2-AAE6-9898B0677601}.Release|Any CPU.ActiveCfg = Release|Any CPU
		{40414AE7-C77A-48F2-AAE6-9898B0677601}.Release|Any CPU.Build.0 = Release|Any CPU
		{1EF1D343-5CAF-4AC1-AA88-3FD1AD5017B0}.Debug|Any CPU.ActiveCfg = Debug|Any CPU
		{1EF1D343-5CAF-4AC1-AA88-3FD1AD5017B0}.Debug|Any CPU.Build.0 = Debug|Any CPU
		{1EF1D343-5CAF-4AC1-AA88-3FD1AD5017B0}.Release|Any CPU.ActiveCfg = Release|Any CPU
		{1EF1D343-5CAF-4AC1-AA88-3FD1AD5017B0}.Release|Any CPU.Build.0 = Release|Any CPU
	EndGlobalSection
	GlobalSection(SolutionProperties) = preSolution
		HideSolutionNode = FALSE
	EndGlobalSection
	GlobalSection(ExtensibilityGlobals) = postSolution
		SolutionGuid = {0C34B25F-5B86-4C3C-8539-13205CB0A990}
	EndGlobalSection
EndGlobal
